
Microsoft Visual Studio Solution File, Format Version 12.00
# Visual Studio 14
VisualStudioVersion = 14.0.22310.1
MinimumVisualStudioVersion = 10.0.40219.1
Project("{FAE04EC0-301F-11D3-BF4B-00C04F79EFBC}") = "AzureProtect", "AzureProtect\AzureProtect.csproj", "{2A44E05B-B0A2-4F3F-8C01-5E1EEB15C89F}"
EndProject
Project("{2150E333-8FDC-42A3-9474-1A3956D46DE8}") = "PublishScripts", "PublishScripts", "{708E3B95-99B2-4B3C-AE93-2019D168D4C4}"
	ProjectSection(SolutionItems) = preProject
		PublishScripts\AzureWebsitePublishModule.psm1 = PublishScripts\AzureWebsitePublishModule.psm1
		PublishScripts\Publish-WebApplicationWebsite.ps1 = PublishScripts\Publish-WebApplicationWebsite.ps1
	EndProjectSection
EndProject
Project("{2150E333-8FDC-42A3-9474-1A3956D46DE8}") = "Configurations", "Configurations", "{C0C92EB3-B2D1-4345-89A9-7AC5E2222B8B}"
	ProjectSection(SolutionItems) = preProject
		PublishScripts\Configurations\AzureProtectCloud-WAWS-dev.json = PublishScripts\Configurations\AzureProtectCloud-WAWS-dev.json
	EndProjectSection
EndProject
Global
	GlobalSection(SolutionConfigurationPlatforms) = preSolution
		Debug|Any CPU = Debug|Any CPU
		Release|Any CPU = Release|Any CPU
	EndGlobalSection
	GlobalSection(ProjectConfigurationPlatforms) = postSolution
		{2A44E05B-B0A2-4F3F-8C01-5E1EEB15C89F}.Debug|Any CPU.ActiveCfg = Debug|Any CPU
		{2A44E05B-B0A2-4F3F-8C01-5E1EEB15C89F}.Debug|Any CPU.Build.0 = Debug|Any CPU
		{2A44E05B-B0A2-4F3F-8C01-5E1EEB15C89F}.Release|Any CPU.ActiveCfg = Release|Any CPU
		{2A44E05B-B0A2-4F3F-8C01-5E1EEB15C89F}.Release|Any CPU.Build.0 = Release|Any CPU
	EndGlobalSection
	GlobalSection(SolutionProperties) = preSolution
		HideSolutionNode = FALSE
	EndGlobalSection
	GlobalSection(NestedProjects) = preSolution
		{C0C92EB3-B2D1-4345-89A9-7AC5E2222B8B} = {708E3B95-99B2-4B3C-AE93-2019D168D4C4}
	EndGlobalSection
EndGlobal
